
Microsoft Visual Studio Solution File, Format Version 12.00
# Visual Studio Version 17
VisualStudioVersion = 17.9.34728.123
MinimumVisualStudioVersion = 10.0.40219.1
Project("{FAE04EC0-301F-11D3-BF4B-00C04F79EFBC}") = "AssignShortcuts", "AssignShortcuts.csproj", "{DC11D795-5397-4F25-8AC0-55346666D77D}"
EndProject
Global
	GlobalSection(SolutionConfigurationPlatforms) = preSolution
		Debug|Any CPU = Debug|Any CPU
		Release|Any CPU = Release|Any CPU
	EndGlobalSection
	GlobalSection(ProjectConfigurationPlatforms) = postSolution
		{DC11D795-5397-4F25-8AC0-55346666D77D}.Debug|Any CPU.ActiveCfg = Debug|Any CPU
		{DC11D795-5397-4F25-8AC0-55346666D77D}.Debug|Any CPU.Build.0 = Debug|Any CPU
		{DC11D795-5397-4F25-8AC0-55346666D77D}.Release|Any CPU.ActiveCfg = Release|Any CPU
		{DC11D795-5397-4F25-8AC0-55346666D77D}.Release|Any CPU.Build.0 = Release|Any CPU
	EndGlobalSection
	GlobalSection(SolutionProperties) = preSolution
		HideSolutionNode = FALSE
	EndGlobalSection
	GlobalSection(ExtensibilityGlobals) = postSolution
		SolutionGuid = {A0B4818E-53FD-4C57-B126-9B5F7E8C113B}
	EndGlobalSection
EndGlobal
